// !$*UTF8*$!
{
	archiveVersion = 1;
	classes = {
	};
	objectVersion = 50;
	objects = {

/* Begin PBXBuildFile section */
		ADDCC5112102DA9E00B7F893 /* AppDelegate.swift in Sources */ = {isa = PBXBuildFile; fileRef = ADDCC5102102DA9E00B7F893 /* AppDelegate.swift */; };
		ADDCC5132102DA9E00B7F893 /* ViewController.swift in Sources */ = {isa = PBXBuildFile; fileRef = ADDCC5122102DA9E00B7F893 /* ViewController.swift */; };
		ADDCC5162102DA9E00B7F893 /* Main.storyboard in Resources */ = {isa = PBXBuildFile; fileRef = ADDCC5142102DA9E00B7F893 /* Main.storyboard */; };
		ADDCC5182102DA9F00B7F893 /* Assets.xcassets in Resources */ = {isa = PBXBuildFile; fileRef = ADDCC5172102DA9F00B7F893 /* Assets.xcassets */; };
		ADDCC51B2102DA9F00B7F893 /* LaunchScreen.storyboard in Resources */ = {isa = PBXBuildFile; fileRef = ADDCC5192102DA9F00B7F893 /* LaunchScreen.storyboard */; };
		ADDCC5262102DAA000B7F893 /* SwiftLecture01Tests.swift in Sources */ = {isa = PBXBuildFile; fileRef = ADDCC5252102DAA000B7F893 /* SwiftLecture01Tests.swift */; };
		ADDCC5312102DAA000B7F893 /* SwiftLecture01UITests.swift in Sources */ = {isa = PBXBuildFile; fileRef = ADDCC5302102DAA000B7F893 /* SwiftLecture01UITests.swift */; };
/* End PBXBuildFile section */

/* Begin PBXContainerItemProxy section */
		ADDCC5222102DAA000B7F893 /* PBXContainerItemProxy */ = {
			isa = PBXContainerItemProxy;
			containerPortal = ADDCC5052102DA9E00B7F893 /* Project object */;
			proxyType = 1;
			remoteGlobalIDString = ADDCC50C2102DA9E00B7F893;
			remoteInfo = SwiftLecture01;
		};
		ADDCC52D2102DAA000B7F893 /* PBXContainerItemProxy */ = {
			isa = PBXContainerItemProxy;
			containerPortal = ADDCC5052102DA9E00B7F893 /* Project object */;
			proxyType = 1;
			remoteGlobalIDString = ADDCC50C2102DA9E00B7F893;
			remoteInfo = SwiftLecture01;
		};
/* End PBXContainerItemProxy section */

/* Begin PBXFileReference section */
		ADDCC50D2102DA9E00B7F893 /* SwiftLecture01.app */ = {isa = PBXFileReference; explicitFileType = wrapper.application; includeInIndex = 0; path = SwiftLecture01.app; sourceTree = BUILT_PRODUCTS_DIR; };
		ADDCC5102102DA9E00B7F893 /* AppDelegate.swift */ = {isa = PBXFileReference; lastKnownFileType = sourcecode.swift; path = AppDelegate.swift; sourceTree = "<group>"; };
		ADDCC5122102DA9E00B7F893 /* ViewController.swift */ = {isa = PBXFileReference; lastKnownFileType = sourcecode.swift; path = ViewController.swift; sourceTree = "<group>"; };
		ADDCC5152102DA9E00B7F893 /* Base */ = {isa = PBXFileReference; lastKnownFileType = file.storyboard; name = Base; path = Base.lproj/Main.storyboard; sourceTree = "<group>"; };
		ADDCC5172102DA9F00B7F893 /* Assets.xcassets */ = {isa = PBXFileReference; lastKnownFileType = folder.assetcatalog; path = Assets.xcassets; sourceTree = "<group>"; };
		ADDCC51A2102DA9F00B7F893 /* Base */ = {isa = PBXFileReference; lastKnownFileType = file.storyboard; name = Base; path = Base.lproj/LaunchScreen.storyboard; sourceTree = "<group>"; };
		ADDCC51C2102DA9F00B7F893 /* Info.plist */ = {isa = PBXFileReference; lastKnownFileType = text.plist.xml; path = Info.plist; sourceTree = "<group>"; };
		ADDCC5212102DAA000B7F893 /* SwiftLecture01Tests.xctest */ = {isa = PBXFileReference; explicitFileType = wrapper.cfbundle; includeInIndex = 0; path = SwiftLecture01Tests.xctest; sourceTree = BUILT_PRODUCTS_DIR; };
		ADDCC5252102DAA000B7F893 /* SwiftLecture01Tests.swift */ = {isa = PBXFileReference; lastKnownFileType = sourcecode.swift; path = SwiftLecture01Tests.swift; sourceTree = "<group>"; };
		ADDCC5272102DAA000B7F893 /* Info.plist */ = {isa = PBXFileReference; lastKnownFileType = text.plist.xml; path = Info.plist; sourceTree = "<group>"; };
		ADDCC52C2102DAA000B7F893 /* SwiftLecture01UITests.xctest */ = {isa = PBXFileReference; explicitFileType = wrapper.cfbundle; includeInIndex = 0; path = SwiftLecture01UITests.xctest; sourceTree = BUILT_PRODUCTS_DIR; };
		ADDCC5302102DAA000B7F893 /* SwiftLecture01UITests.swift */ = {isa = PBXFileReference; lastKnownFileType = sourcecode.swift; path = SwiftLecture01UITests.swift; sourceTree = "<group>"; };
		ADDCC5322102DAA000B7F893 /* Info.plist */ = {isa = PBXFileReference; lastKnownFileType = text.plist.xml; path = Info.plist; sourceTree = "<group>"; };
/* End PBXFileReference section */

/* Begin PBXFrameworksBuildPhase section */
		ADDCC50A2102DA9E00B7F893 /* Frameworks */ = {
			isa = PBXFrameworksBuildPhase;
			buildActionMask = 2147483647;
			files = (
			);
			runOnlyForDeploymentPostprocessing = 0;
		};
		ADDCC51E2102DAA000B7F893 /* Frameworks */ = {
			isa = PBXFrameworksBuildPhase;
			buildActionMask = 2147483647;
			files = (
			);
			runOnlyForDeploymentPostprocessing = 0;
		};
		ADDCC5292102DAA000B7F893 /* Frameworks */ = {
			isa = PBXFrameworksBuildPhase;
			buildActionMask = 2147483647;
			files = (
			);
			runOnlyForDeploymentPostprocessing = 0;
		};
/* End PBXFrameworksBuildPhase section */

/* Begin PBXGroup section */
		ADDCC5042102DA9E00B7F893 = {
			isa = PBXGroup;
			children = (
				ADDCC50F2102DA9E00B7F893 /* SwiftLecture01 */,
				ADDCC5242102DAA000B7F893 /* SwiftLecture01Tests */,
				ADDCC52F2102DAA000B7F893 /* SwiftLecture01UITests */,
				ADDCC50E2102DA9E00B7F893 /* Products */,
			);
			sourceTree = "<group>";
		};
		ADDCC50E2102DA9E00B7F893 /* Products */ = {
			isa = PBXGroup;
			children = (
				ADDCC50D2102DA9E00B7F893 /* SwiftLecture01.app */,
				ADDCC5212102DAA000B7F893 /* SwiftLecture01Tests.xctest */,
				ADDCC52C2102DAA000B7F893 /* SwiftLecture01UITests.xctest */,
			);
			name = Products;
			sourceTree = "<group>";
		};
		ADDCC50F2102DA9E00B7F893 /* SwiftLecture01 */ = {
			isa = PBXGroup;
			children = (
				ADDCC5102102DA9E00B7F893 /* AppDelegate.swift */,
				ADDCC5122102DA9E00B7F893 /* ViewController.swift */,
				ADDCC5142102DA9E00B7F893 /* Main.storyboard */,
				ADDCC5172102DA9F00B7F893 /* Assets.xcassets */,
				ADDCC5192102DA9F00B7F893 /* LaunchScreen.storyboard */,
				ADDCC51C2102DA9F00B7F893 /* Info.plist */,
			);
			path = SwiftLecture01;
			sourceTree = "<group>";
		};
		ADDCC5242102DAA000B7F893 /* SwiftLecture01Tests */ = {
			isa = PBXGroup;
			children = (
				ADDCC5252102DAA000B7F893 /* SwiftLecture01Tests.swift */,
				ADDCC5272102DAA000B7F893 /* Info.plist */,
			);
			path = SwiftLecture01Tests;
			sourceTree = "<group>";
		};
		ADDCC52F2102DAA000B7F893 /* SwiftLecture01UITests */ = {
			isa = PBXGroup;
			children = (
				ADDCC5302102DAA000B7F893 /* SwiftLecture01UITests.swift */,
				ADDCC5322102DAA000B7F893 /* Info.plist */,
			);
			path = SwiftLecture01UITests;
			sourceTree = "<group>";
		};
/* End PBXGroup section */

/* Begin PBXNativeTarget section */
		ADDCC50C2102DA9E00B7F893 /* SwiftLecture01 */ = {
			isa = PBXNativeTarget;
			buildConfigurationList = ADDCC5352102DAA000B7F893 /* Build configuration list for PBXNativeTarget "SwiftLecture01" */;
			buildPhases = (
				ADDCC5092102DA9E00B7F893 /* Sources */,
				ADDCC50A2102DA9E00B7F893 /* Frameworks */,
				ADDCC50B2102DA9E00B7F893 /* Resources */,
			);
			buildRules = (
			);
			dependencies = (
			);
			name = SwiftLecture01;
			productName = SwiftLecture01;
			productReference = ADDCC50D2102DA9E00B7F893 /* SwiftLecture01.app */;
			productType = "com.apple.product-type.application";
		};
		ADDCC5202102DAA000B7F893 /* SwiftLecture01Tests */ = {
			isa = PBXNativeTarget;
			buildConfigurationList = ADDCC5382102DAA000B7F893 /* Build configuration list for PBXNativeTarget "SwiftLecture01Tests" */;
			buildPhases = (
				ADDCC51D2102DAA000B7F893 /* Sources */,
				ADDCC51E2102DAA000B7F893 /* Frameworks */,
				ADDCC51F2102DAA000B7F893 /* Resources */,
			);
			buildRules = (
			);
			dependencies = (
				ADDCC5232102DAA000B7F893 /* PBXTargetDependency */,
			);
			name = SwiftLecture01Tests;
			productName = SwiftLecture01Tests;
			productReference = ADDCC5212102DAA000B7F893 /* SwiftLecture01Tests.xctest */;
			productType = "com.apple.product-type.bundle.unit-test";
		};
		ADDCC52B2102DAA000B7F893 /* SwiftLecture01UITests */ = {
			isa = PBXNativeTarget;
			buildConfigurationList = ADDCC53B2102DAA000B7F893 /* Build configuration list for PBXNativeTarget "SwiftLecture01UITests" */;
			buildPhases = (
				ADDCC5282102DAA000B7F893 /* Sources */,
				ADDCC5292102DAA000B7F893 /* Frameworks */,
				ADDCC52A2102DAA000B7F893 /* Resources */,
			);
			buildRules = (
			);
			dependencies = (
				ADDCC52E2102DAA000B7F893 /* PBXTargetDependency */,
			);
			name = SwiftLecture01UITests;
			productName = SwiftLecture01UITests;
			productReference = ADDCC52C2102DAA000B7F893 /* SwiftLecture01UITests.xctest */;
			productType = "com.apple.product-type.bundle.ui-testing";
		};
/* End PBXNativeTarget section */

/* Begin PBXProject section */
		ADDCC5052102DA9E00B7F893 /* Project object */ = {
			isa = PBXProject;
			attributes = {
				LastSwiftUpdateCheck = 0940;
				LastUpgradeCheck = 0940;
				ORGANIZATIONNAME = stu1;
				TargetAttributes = {
					ADDCC50C2102DA9E00B7F893 = {
						CreatedOnToolsVersion = 9.4;
					};
					ADDCC5202102DAA000B7F893 = {
						CreatedOnToolsVersion = 9.4;
						TestTargetID = ADDCC50C2102DA9E00B7F893;
					};
					ADDCC52B2102DAA000B7F893 = {
						CreatedOnToolsVersion = 9.4;
						TestTargetID = ADDCC50C2102DA9E00B7F893;
					};
				};
			};
			buildConfigurationList = ADDCC5082102DA9E00B7F893 /* Build configuration list for PBXProject "SwiftLecture01" */;
			compatibilityVersion = "Xcode 9.3";
			developmentRegion = en;
			hasScannedForEncodings = 0;
			knownRegions = (
				en,
				Base,
			);
			mainGroup = ADDCC5042102DA9E00B7F893;
			productRefGroup = ADDCC50E2102DA9E00B7F893 /* Products */;
			projectDirPath = "";
			projectRoot = "";
			targets = (
				ADDCC50C2102DA9E00B7F893 /* SwiftLecture01 */,
				ADDCC5202102DAA000B7F893 /* SwiftLecture01Tests */,
				ADDCC52B2102DAA000B7F893 /* SwiftLecture01UITests */,
			);
		};
/* End PBXProject section */

/* Begin PBXResourcesBuildPhase section */
		ADDCC50B2102DA9E00B7F893 /* Resources */ = {
			isa = PBXResourcesBuildPhase;
			buildActionMask = 2147483647;
			files = (
				ADDCC51B2102DA9F00B7F893 /* LaunchScreen.storyboard in Resources */,
				ADDCC5182102DA9F00B7F893 /* Assets.xcassets in Resources */,
				ADDCC5162102DA9E00B7F893 /* Main.storyboard in Resources */,
			);
			runOnlyForDeploymentPostprocessing = 0;
		};
		ADDCC51F2102DAA000B7F893 /* Resources */ = {
			isa = PBXResourcesBuildPhase;
			buildActionMask = 2147483647;
			files = (
			);
			runOnlyForDeploymentPostprocessing = 0;
		};
		ADDCC52A2102DAA000B7F893 /* Resources */ = {
			isa = PBXResourcesBuildPhase;
			buildActionMask = 2147483647;
			files = (
			);
			runOnlyForDeploymentPostprocessing = 0;
		};
/* End PBXResourcesBuildPhase section */

/* Begin PBXSourcesBuildPhase section */
		ADDCC5092102DA9E00B7F893 /* Sources */ = {
			isa = PBXSourcesBuildPhase;
			buildActionMask = 2147483647;
			files = (
				ADDCC5132102DA9E00B7F893 /* ViewController.swift in Sources */,
				ADDCC5112102DA9E00B7F893 /* AppDelegate.swift in Sources */,
			);
			runOnlyForDeploymentPostprocessing = 0;
		};
		ADDCC51D2102DAA000B7F893 /* Sources */ = {
			isa = PBXSourcesBuildPhase;
			buildActionMask = 2147483647;
			files = (
				ADDCC5262102DAA000B7F893 /* SwiftLecture01Tests.swift in Sources */,
			);
			runOnlyForDeploymentPostprocessing = 0;
		};
		ADDCC5282102DAA000B7F893 /* Sources */ = {
			isa = PBXSourcesBuildPhase;
			buildActionMask = 2147483647;
			files = (
				ADDCC5312102DAA000B7F893 /* SwiftLecture01UITests.swift in Sources */,
			);
			runOnlyForDeploymentPostprocessing = 0;
		};
/* End PBXSourcesBuildPhase section */

/* Begin PBXTargetDependency section */
		ADDCC5232102DAA000B7F893 /* PBXTargetDependency */ = {
			isa = PBXTargetDependency;
			target = ADDCC50C2102DA9E00B7F893 /* SwiftLecture01 */;
			targetProxy = ADDCC5222102DAA000B7F893 /* PBXContainerItemProxy */;
		};
		ADDCC52E2102DAA000B7F893 /* PBXTargetDependency */ = {
			isa = PBXTargetDependency;
			target = ADDCC50C2102DA9E00B7F893 /* SwiftLecture01 */;
			targetProxy = ADDCC52D2102DAA000B7F893 /* PBXContainerItemProxy */;
		};
/* End PBXTargetDependency section */

/* Begin PBXVariantGroup section */
		ADDCC5142102DA9E00B7F893 /* Main.storyboard */ = {
			isa = PBXVariantGroup;
			children = (
				ADDCC5152102DA9E00B7F893 /* Base */,
			);
			name = Main.storyboard;
			sourceTree = "<group>";
		};
		ADDCC5192102DA9F00B7F893 /* LaunchScreen.storyboard */ = {
			isa = PBXVariantGroup;
			children = (
				ADDCC51A2102DA9F00B7F893 /* Base */,
			);
			name = LaunchScreen.storyboard;
			sourceTree = "<group>";
		};
/* End PBXVariantGroup section */

/* Begin XCBuildConfiguration section */
		ADDCC5332102DAA000B7F893 /* Debug */ = {
			isa = XCBuildConfiguration;
			buildSettings = {
				ALWAYS_SEARCH_USER_PATHS = NO;
				CLANG_ANALYZER_NONNULL = YES;
				CLANG_ANALYZER_NUMBER_OBJECT_CONVERSION = YES_AGGRESSIVE;
				CLANG_CXX_LANGUAGE_STANDARD = "gnu++14";
				CLANG_CXX_LIBRARY = "libc++";
				CLANG_ENABLE_MODULES = YES;
				CLANG_ENABLE_OBJC_ARC = YES;
				CLANG_ENABLE_OBJC_WEAK = YES;
				CLANG_WARN_BLOCK_CAPTURE_AUTORELEASING = YES;
				CLANG_WARN_BOOL_CONVERSION = YES;
				CLANG_WARN_COMMA = YES;
				CLANG_WARN_CONSTANT_CONVERSION = YES;
				CLANG_WARN_DEPRECATED_OBJC_IMPLEMENTATIONS = YES;
				CLANG_WARN_DIRECT_OBJC_ISA_USAGE = YES_ERROR;
				CLANG_WARN_DOCUMENTATION_COMMENTS = YES;
				CLANG_WARN_EMPTY_BODY = YES;
				CLANG_WARN_ENUM_CONVERSION = YES;
				CLANG_WARN_INFINITE_RECURSION = YES;
				CLANG_WARN_INT_CONVERSION = YES;
				CLANG_WARN_NON_LITERAL_NULL_CONVERSION = YES;
				CLANG_WARN_OBJC_IMPLICIT_RETAIN_SELF = YES;
				CLANG_WARN_OBJC_LITERAL_CONVERSION = YES;
				CLANG_WARN_OBJC_ROOT_CLASS = YES_ERROR;
				CLANG_WARN_RANGE_LOOP_ANALYSIS = YES;
				CLANG_WARN_STRICT_PROTOTYPES = YES;
				CLANG_WARN_SUSPICIOUS_MOVE = YES;
				CLANG_WARN_UNGUARDED_AVAILABILITY = YES_AGGRESSIVE;
				CLANG_WARN_UNREACHABLE_CODE = YES;
				CLANG_WARN__DUPLICATE_METHOD_MATCH = YES;
				CODE_SIGN_IDENTITY = "iPhone Developer";
				COPY_PHASE_STRIP = NO;
				DEBUG_INFORMATION_FORMAT = dwarf;
				ENABLE_STRICT_OBJC_MSGSEND = YES;
				ENABLE_TESTABILITY = YES;
				GCC_C_LANGUAGE_STANDARD = gnu11;
				GCC_DYNAMIC_NO_PIC = NO;
				GCC_NO_COMMON_BLOCKS = YES;
				GCC_OPTIMIZATION_LEVEL = 0;
				GCC_PREPROCESSOR_DEFINITIONS = (
					"DEBUG=1",
					"$(inherited)",
				);
				GCC_WARN_64_TO_32_BIT_CONVERSION = YES;
				GCC_WARN_ABOUT_RETURN_TYPE = YES_ERROR;
				GCC_WARN_UNDECLARED_SELECTOR = YES;
				GCC_WARN_UNINITIALIZED_AUTOS = YES_AGGRESSIVE;
				GCC_WARN_UNUSED_FUNCTION = YES;
				GCC_WARN_UNUSED_VARIABLE = YES;
				IPHONEOS_DEPLOYMENT_TARGET = 11.4;
				MTL_ENABLE_DEBUG_INFO = YES;
				ONLY_ACTIVE_ARCH = YES;
				SDKROOT = iphoneos;
				SWIFT_ACTIVE_COMPILATION_CONDITIONS = DEBUG;
				SWIFT_OPTIMIZATION_LEVEL = "-Onone";
			};
			name = Debug;
		};
		ADDCC5342102DAA000B7F893 /* Release */ = {
			isa = XCBuildConfiguration;
			buildSettings = {
				ALWAYS_SEARCH_USER_PATHS = NO;
				CLANG_ANALYZER_NONNULL = YES;
				CLANG_ANALYZER_NUMBER_OBJECT_CONVERSION = YES_AGGRESSIVE;
				CLANG_CXX_LANGUAGE_STANDARD = "gnu++14";
				CLANG_CXX_LIBRARY = "libc++";
				CLANG_ENABLE_MODULES = YES;
				CLANG_ENABLE_OBJC_ARC = YES;
				CLANG_ENABLE_OBJC_WEAK = YES;
				CLANG_WARN_BLOCK_CAPTURE_AUTORELEASING = YES;
				CLANG_WARN_BOOL_CONVERSION = YES;
				CLANG_WARN_COMMA = YES;
				CLANG_WARN_CONSTANT_CONVERSION = YES;
				CLANG_WARN_DEPRECATED_OBJC_IMPLEMENTATIONS = YES;
				CLANG_WARN_DIRECT_OBJC_ISA_USAGE = YES_ERROR;
				CLANG_WARN_DOCUMENTATION_COMMENTS = YES;
				CLANG_WARN_EMPTY_BODY = YES;
				CLANG_WARN_ENUM_CONVERSION = YES;
				CLANG_WARN_INFINITE_RECURSION = YES;
				CLANG_WARN_INT_CONVERSION = YES;
				CLANG_WARN_NON_LITERAL_NULL_CONVERSION = YES;
				CLANG_WARN_OBJC_IMPLICIT_RETAIN_SELF = YES;
				CLANG_WARN_OBJC_LITERAL_CONVERSION = YES;
				CLANG_WARN_OBJC_ROOT_CLASS = YES_ERROR;
				CLANG_WARN_RANGE_LOOP_ANALYSIS = YES;
				CLANG_WARN_STRICT_PROTOTYPES = YES;
				CLANG_WARN_SUSPICIOUS_MOVE = YES;
				CLANG_WARN_UNGUARDED_AVAILABILITY = YES_AGGRESSIVE;
				CLANG_WARN_UNREACHABLE_CODE = YES;
				CLANG_WARN__DUPLICATE_METHOD_MATCH = YES;
				CODE_SIGN_IDENTITY = "iPhone Developer";
				COPY_PHASE_STRIP = NO;
				DEBUG_INFORMATION_FORMAT = "dwarf-with-dsym";
				ENABLE_NS_ASSERTIONS = NO;
				ENABLE_STRICT_OBJC_MSGSEND = YES;
				GCC_C_LANGUAGE_STANDARD = gnu11;
				GCC_NO_COMMON_BLOCKS = YES;
				GCC_WARN_64_TO_32_BIT_CONVERSION = YES;
				GCC_WARN_ABOUT_RETURN_TYPE = YES_ERROR;
				GCC_WARN_UNDECLARED_SELECTOR = YES;
				GCC_WARN_UNINITIALIZED_AUTOS = YES_AGGRESSIVE;
				GCC_WARN_UNUSED_FUNCTION = YES;
				GCC_WARN_UNUSED_VARIABLE = YES;
				IPHONEOS_DEPLOYMENT_TARGET = 11.4;
				MTL_ENABLE_DEBUG_INFO = NO;
				SDKROOT = iphoneos;
				SWIFT_COMPILATION_MODE = wholemodule;
				SWIFT_OPTIMIZATION_LEVEL = "-O";
				VALIDATE_PRODUCT = YES;
			};
			name = Release;
		};
		ADDCC5362102DAA000B7F893 /* Debug */ = {
			isa = XCBuildConfiguration;
			buildSettings = {
				ASSETCATALOG_COMPILER_APPICON_NAME = AppIcon;
				CODE_SIGN_STYLE = Automatic;
				INFOPLIST_FILE = SwiftLecture01/Info.plist;
				LD_RUNPATH_SEARCH_PATHS = (
					"$(inherited)",
					"@executable_path/Frameworks",
				);
				PRODUCT_BUNDLE_IDENTIFIER = aa.SwiftLecture01;
				PRODUCT_NAME = "$(TARGET_NAME)";
				SWIFT_VERSION = 4.0;
				TARGETED_DEVICE_FAMILY = "1,2";
			};
			name = Debug;
		};
		ADDCC5372102DAA000B7F893 /* Release */ = {
			isa = XCBuildConfiguration;
			buildSettings = {
				ASSETCATALOG_COMPILER_APPICON_NAME = AppIcon;
				CODE_SIGN_STYLE = Automatic;
				INFOPLIST_FILE = SwiftLecture01/Info.plist;
				LD_RUNPATH_SEARCH_PATHS = (
					"$(inherited)",
					"@executable_path/Frameworks",
				);
				PRODUCT_BUNDLE_IDENTIFIER = aa.SwiftLecture01;
				PRODUCT_NAME = "$(TARGET_NAME)";
				SWIFT_VERSION = 4.0;
				TARGETED_DEVICE_FAMILY = "1,2";
			};
			name = Release;
		};
		ADDCC5392102DAA000B7F893 /* Debug */ = {
			isa = XCBuildConfiguration;
			buildSettings = {
				ALWAYS_EMBED_SWIFT_STANDARD_LIBRARIES = YES;
				BUNDLE_LOADER = "$(TEST_HOST)";
				CODE_SIGN_STYLE = Automatic;
				INFOPLIST_FILE = SwiftLecture01Tests/Info.plist;
				LD_RUNPATH_SEARCH_PATHS = (
					"$(inherited)",
					"@executable_path/Frameworks",
					"@loader_path/Frameworks",
				);
				PRODUCT_BUNDLE_IDENTIFIER = aa.SwiftLecture01Tests;
				PRODUCT_NAME = "$(TARGET_NAME)";
				SWIFT_VERSION = 4.0;
				TARGETED_DEVICE_FAMILY = "1,2";
				TEST_HOST = "$(BUILT_PRODUCTS_DIR)/SwiftLecture01.app/SwiftLecture01";
			};
			name = Debug;
		};
		ADDCC53A2102DAA000B7F893 /* Release */ = {
			isa = XCBuildConfiguration;
			buildSettings = {
				ALWAYS_EMBED_SWIFT_STANDARD_LIBRARIES = YES;
				BUNDLE_LOADER = "$(TEST_HOST)";
				CODE_SIGN_STYLE = Automatic;
				INFOPLIST_FILE = SwiftLecture01Tests/Info.plist;
				LD_RUNPATH_SEARCH_PATHS = (
					"$(inherited)",
					"@executable_path/Frameworks",
					"@loader_path/Frameworks",
				);
				PRODUCT_BUNDLE_IDENTIFIER = aa.SwiftLecture01Tests;
				PRODUCT_NAME = "$(TARGET_NAME)";
				SWIFT_VERSION = 4.0;
				TARGETED_DEVICE_FAMILY = "1,2";
				TEST_HOST = "$(BUILT_PRODUCTS_DIR)/SwiftLecture01.app/SwiftLecture01";
			};
			name = Release;
		};
		ADDCC53C2102DAA000B7F893 /* Debug */ = {
			isa = XCBuildConfiguration;
			buildSettings = {
				ALWAYS_EMBED_SWIFT_STANDARD_LIBRARIES = YES;
				CODE_SIGN_STYLE = Automatic;
				INFOPLIST_FILE = SwiftLecture01UITests/Info.plist;
				LD_RUNPATH_SEARCH_PATHS = (
					"$(inherited)",
					"@executable_path/Frameworks",
					"@loader_path/Frameworks",
				);
				PRODUCT_BUNDLE_IDENTIFIER = aa.SwiftLecture01UITests;
				PRODUCT_NAME = "$(TARGET_NAME)";
				SWIFT_VERSION = 4.0;
				TARGETED_DEVICE_FAMILY = "1,2";
				TEST_TARGET_NAME = SwiftLecture01;
			};
			name = Debug;
		};
		ADDCC53D2102DAA000B7F893 /* Release */ = {
			isa = XCBuildConfiguration;
			buildSettings = {
				ALWAYS_EMBED_SWIFT_STANDARD_LIBRARIES = YES;
				CODE_SIGN_STYLE = Automatic;
				INFOPLIST_FILE = SwiftLecture01UITests/Info.plist;
				LD_RUNPATH_SEARCH_PATHS = (
					"$(inherited)",
					"@executable_path/Frameworks",
					"@loader_path/Frameworks",
				);
				PRODUCT_BUNDLE_IDENTIFIER = aa.SwiftLecture01UITests;
				PRODUCT_NAME = "$(TARGET_NAME)";
				SWIFT_VERSION = 4.0;
				TARGETED_DEVICE_FAMILY = "1,2";
				TEST_TARGET_NAME = SwiftLecture01;
			};
			name = Release;
		};
/* End XCBuildConfiguration section */

/* Begin XCConfigurationList section */
		ADDCC5082102DA9E00B7F893 /* Build configuration list for PBXProject "SwiftLecture01" */ = {
			isa = XCConfigurationList;
			buildConfigurations = (
				ADDCC5332102DAA000B7F893 /* Debug */,
				ADDCC5342102DAA000B7F893 /* Release */,
			);
			defaultConfigurationIsVisible = 0;
			defaultConfigurationName = Release;
		};
		ADDCC5352102DAA000B7F893 /* Build configuration list for PBXNativeTarget "SwiftLecture01" */ = {
			isa = XCConfigurationList;
			buildConfigurations = (
				ADDCC5362102DAA000B7F893 /* Debug */,
				ADDCC5372102DAA000B7F893 /* Release */,
			);
			defaultConfigurationIsVisible = 0;
			defaultConfigurationName = Release;
		};
		ADDCC5382102DAA000B7F893 /* Build configuration list for PBXNativeTarget "SwiftLecture01Tests" */ = {
			isa = XCConfigurationList;
			buildConfigurations = (
				ADDCC5392102DAA000B7F893 /* Debug */,
				ADDCC53A2102DAA000B7F893 /* Release */,
			);
			defaultConfigurationIsVisible = 0;
			defaultConfigurationName = Release;
		};
		ADDCC53B2102DAA000B7F893 /* Build configuration list for PBXNativeTarget "SwiftLecture01UITests" */ = {
			isa = XCConfigurationList;
			buildConfigurations = (
				ADDCC53C2102DAA000B7F893 /* Debug */,
				ADDCC53D2102DAA000B7F893 /* Release */,
			);
			defaultConfigurationIsVisible = 0;
			defaultConfigurationName = Release;
		};
/* End XCConfigurationList section */
	};
	rootObject = ADDCC5052102DA9E00B7F893 /* Project object */;
}
